Microsoft Visual Studio Solution File, Format Version 12.00
# Visual Studio Version 17
VisualStudioVersion = 17.5.2.0
MinimumVisualStudioVersion = 10.0.40219.1
Project("{FAE04EC0-301F-11D3-BF4B-00C04F79EFBC}") = "micro2", "micro2.csproj", "{C21940BC-2AC3-313E-53AD-FA38C5CDDB2D}"
EndProject
Global
	GlobalSection(SolutionConfigurationPlatforms) = preSolution
		Debug|Any CPU = Debug|Any CPU
		Release|Any CPU = Release|Any CPU
	EndGlobalSection
	GlobalSection(ProjectConfigurationPlatforms) = postSolution
		{C21940BC-2AC3-313E-53AD-FA38C5CDDB2D}.Debug|Any CPU.ActiveCfg = Debug|Any CPU
		{C21940BC-2AC3-313E-53AD-FA38C5CDDB2D}.Debug|Any CPU.Build.0 = Debug|Any CPU
		{C21940BC-2AC3-313E-53AD-FA38C5CDDB2D}.Release|Any CPU.ActiveCfg = Release|Any CPU
		{C21940BC-2AC3-313E-53AD-FA38C5CDDB2D}.Release|Any CPU.Build.0 = Release|Any CPU
	EndGlobalSection
	GlobalSection(SolutionProperties) = preSolution
		HideSolutionNode = FALSE
	EndGlobalSection
	GlobalSection(ExtensibilityGlobals) = postSolution
		SolutionGuid = {4C0B8FC0-C119-48A1-B2FA-BE6FA969A67B}
	EndGlobalSection
EndGlobal
